// !$*UTF8*$!
{
	archiveVersion = 1;
	classes = {
	};
	objectVersion = 46;
	objects = {

/* Begin PBXBuildFile section */
		9F57B5031426E87300B29A5E /* UIKit.framework in Frameworks */ = {isa = PBXBuildFile; fileRef = 9F57B5021426E87300B29A5E /* UIKit.framework */; };
		9F57B5051426E87300B29A5E /* Foundation.framework in Frameworks */ = {isa = PBXBuildFile; fileRef = 9F57B5041426E87300B29A5E /* Foundation.framework */; };
		9F57B5071426E87300B29A5E /* CoreGraphics.framework in Frameworks */ = {isa = PBXBuildFile; fileRef = 9F57B5061426E87300B29A5E /* CoreGraphics.framework */; };
		9F57B50D1426E87300B29A5E /* InfoPlist.strings in Resources */ = {isa = PBXBuildFile; fileRef = 9F57B50B1426E87300B29A5E /* InfoPlist.strings */; };
		9F57B50F1426E87300B29A5E /* main.m in Sources */ = {isa = PBXBuildFile; fileRef = 9F57B50E1426E87300B29A5E /* main.m */; };
		9F57B5131426E87300B29A5E /* PickerTestAppDelegate.m in Sources */ = {isa = PBXBuildFile; fileRef = 9F57B5121426E87300B29A5E /* PickerTestAppDelegate.m */; };
		9F57B5161426E87400B29A5E /* MainWindow.xib in Resources */ = {isa = PBXBuildFile; fileRef = 9F57B5141426E87400B29A5E /* MainWindow.xib */; };
		9F57B51E1426E89D00B29A5E /* MainVC.m in Sources */ = {isa = PBXBuildFile; fileRef = 9F57B51D1426E89D00B29A5E /* MainVC.m */; };
		9F57B5231426EE4800B29A5E /* 12-6AM.png in Resources */ = {isa = PBXBuildFile; fileRef = 9F57B51F1426EE4800B29A5E /* 12-6AM.png */; };
		9F57B5241426EE4800B29A5E /* 6-12PM.png in Resources */ = {isa = PBXBuildFile; fileRef = 9F57B5201426EE4800B29A5E /* 6-12PM.png */; };
		9F57B5251426EE4800B29A5E /* 6-12AM.png in Resources */ = {isa = PBXBuildFile; fileRef = 9F57B5211426EE4800B29A5E /* 6-12AM.png */; };
		9F57B5261426EE4800B29A5E /* 12-6PM.png in Resources */ = {isa = PBXBuildFile; fileRef = 9F57B5221426EE4800B29A5E /* 12-6PM.png */; };
		9F57B5291426EE9700B29A5E /* CustomView.m in Sources */ = {isa = PBXBuildFile; fileRef = 9F57B5281426EE9700B29A5E /* CustomView.m */; };
		9F57B52C1426F1A500B29A5E /* CustomPickerDataSource.m in Sources */ = {isa = PBXBuildFile; fileRef = 9F57B52B1426F1A500B29A5E /* CustomPickerDataSource.m */; };
		9F57B53214270C9C00B29A5E /* botox1.png in Resources */ = {isa = PBXBuildFile; fileRef = 9F57B53114270C9C00B29A5E /* botox1.png */; };
		9F57B53414270FDF00B29A5E /* botox2.png in Resources */ = {isa = PBXBuildFile; fileRef = 9F57B53314270FDF00B29A5E /* botox2.png */; };
/* End PBXBuildFile section */

/* Begin PBXFileReference section */
		9F57B4FE1426E87300B29A5E /* PickerTest.app */ = {isa = PBXFileReference; explicitFileType = wrapper.application; includeInIndex = 0; path = PickerTest.app; sourceTree = BUILT_PRODUCTS_DIR; };
		9F57B5021426E87300B29A5E /* UIKit.framework */ = {isa = PBXFileReference; lastKnownFileType = wrapper.framework; name = UIKit.framework; path = System/Library/Frameworks/UIKit.framework; sourceTree = SDKROOT; };
		9F57B5041426E87300B29A5E /* Foundation.framework */ = {isa = PBXFileReference; lastKnownFileType = wrapper.framework; name = Foundation.framework; path = System/Library/Frameworks/Foundation.framework; sourceTree = SDKROOT; };
		9F57B5061426E87300B29A5E /* CoreGraphics.framework */ = {isa = PBXFileReference; lastKnownFileType = wrapper.framework; name = CoreGraphics.framework; path = System/Library/Frameworks/CoreGraphics.framework; sourceTree = SDKROOT; };
		9F57B50A1426E87300B29A5E /* PickerTest-Info.plist */ = {isa = PBXFileReference; lastKnownFileType = text.plist.xml; path = "PickerTest-Info.plist"; sourceTree = "<group>"; };
		9F57B50C1426E87300B29A5E /* en */ = {isa = PBXFileReference; lastKnownFileType = text.plist.strings; name = en; path = en.lproj/InfoPlist.strings; sourceTree = "<group>"; };
		9F57B50E1426E87300B29A5E /* main.m */ = {isa = PBXFileReference; lastKnownFileType = sourcecode.c.objc; path = main.m; sourceTree = "<group>"; };
		9F57B5101426E87300B29A5E /* PickerTest-Prefix.pch */ = {isa = PBXFileReference; lastKnownFileType = sourcecode.c.h; path = "PickerTest-Prefix.pch"; sourceTree = "<group>"; };
		9F57B5111426E87300B29A5E /* PickerTestAppDelegate.h */ = {isa = PBXFileReference; lastKnownFileType = sourcecode.c.h; path = PickerTestAppDelegate.h; sourceTree = "<group>"; };
		9F57B5121426E87300B29A5E /* PickerTestAppDelegate.m */ = {isa = PBXFileReference; lastKnownFileType = sourcecode.c.objc; path = PickerTestAppDelegate.m; sourceTree = "<group>"; };
		9F57B5151426E87400B29A5E /* en */ = {isa = PBXFileReference; lastKnownFileType = file.xib; name = en; path = en.lproj/MainWindow.xib; sourceTree = "<group>"; };
		9F57B51C1426E89D00B29A5E /* MainVC.h */ = {isa = PBXFileReference; fileEncoding = 4; lastKnownFileType = sourcecode.c.h; path = MainVC.h; sourceTree = "<group>"; };
		9F57B51D1426E89D00B29A5E /* MainVC.m */ = {isa = PBXFileReference; fileEncoding = 4; lastKnownFileType = sourcecode.c.objc; path = MainVC.m; sourceTree = "<group>"; };
		9F57B51F1426EE4800B29A5E /* 12-6AM.png */ = {isa = PBXFileReference; lastKnownFileType = image.png; path = "12-6AM.png"; sourceTree = "<group>"; };
		9F57B5201426EE4800B29A5E /* 6-12PM.png */ = {isa = PBXFileReference; lastKnownFileType = image.png; path = "6-12PM.png"; sourceTree = "<group>"; };
		9F57B5211426EE4800B29A5E /* 6-12AM.png */ = {isa = PBXFileReference; lastKnownFileType = image.png; path = "6-12AM.png"; sourceTree = "<group>"; };
		9F57B5221426EE4800B29A5E /* 12-6PM.png */ = {isa = PBXFileReference; lastKnownFileType = image.png; path = "12-6PM.png"; sourceTree = "<group>"; };
		9F57B5271426EE9700B29A5E /* CustomView.h */ = {isa = PBXFileReference; fileEncoding = 4; lastKnownFileType = sourcecode.c.h; path = CustomView.h; sourceTree = "<group>"; };
		9F57B5281426EE9700B29A5E /* CustomView.m */ = {isa = PBXFileReference; fileEncoding = 4; lastKnownFileType = sourcecode.c.objc; path = CustomView.m; sourceTree = "<group>"; };
		9F57B52A1426F1A500B29A5E /* CustomPickerDataSource.h */ = {isa = PBXFileReference; fileEncoding = 4; lastKnownFileType = sourcecode.c.h; path = CustomPickerDataSource.h; sourceTree = "<group>"; };
		9F57B52B1426F1A500B29A5E /* CustomPickerDataSource.m */ = {isa = PBXFileReference; fileEncoding = 4; lastKnownFileType = sourcecode.c.objc; path = CustomPickerDataSource.m; sourceTree = "<group>"; };
		9F57B53114270C9C00B29A5E /* botox1.png */ = {isa = PBXFileReference; lastKnownFileType = image.png; path = botox1.png; sourceTree = "<group>"; };
		9F57B53314270FDF00B29A5E /* botox2.png */ = {isa = PBXFileReference; lastKnownFileType = image.png; path = botox2.png; sourceTree = "<group>"; };
/* End PBXFileReference section */

/* Begin PBXFrameworksBuildPhase section */
		9F57B4FB1426E87300B29A5E /* Frameworks */ = {
			isa = PBXFrameworksBuildPhase;
			buildActionMask = 2147483647;
			files = (
				9F57B5031426E87300B29A5E /* UIKit.framework in Frameworks */,
				9F57B5051426E87300B29A5E /* Foundation.framework in Frameworks */,
				9F57B5071426E87300B29A5E /* CoreGraphics.framework in Frameworks */,
			);
			runOnlyForDeploymentPostprocessing = 0;
		};
/* End PBXFrameworksBuildPhase section */

/* Begin PBXGroup section */
		9F57B4F31426E87300B29A5E = {
			isa = PBXGroup;
			children = (
				9F57B5081426E87300B29A5E /* PickerTest */,
				9F57B5011426E87300B29A5E /* Frameworks */,
				9F57B4FF1426E87300B29A5E /* Products */,
			);
			sourceTree = "<group>";
		};
		9F57B4FF1426E87300B29A5E /* Products */ = {
			isa = PBXGroup;
			children = (
				9F57B4FE1426E87300B29A5E /* PickerTest.app */,
			);
			name = Products;
			sourceTree = "<group>";
		};
		9F57B5011426E87300B29A5E /* Frameworks */ = {
			isa = PBXGroup;
			children = (
				9F57B5021426E87300B29A5E /* UIKit.framework */,
				9F57B5041426E87300B29A5E /* Foundation.framework */,
				9F57B5061426E87300B29A5E /* CoreGraphics.framework */,
			);
			name = Frameworks;
			sourceTree = "<group>";
		};
		9F57B5081426E87300B29A5E /* PickerTest */ = {
			isa = PBXGroup;
			children = (
				9F57B5111426E87300B29A5E /* PickerTestAppDelegate.h */,
				9F57B5121426E87300B29A5E /* PickerTestAppDelegate.m */,
				9F57B51C1426E89D00B29A5E /* MainVC.h */,
				9F57B51D1426E89D00B29A5E /* MainVC.m */,
				9F57B5271426EE9700B29A5E /* CustomView.h */,
				9F57B5281426EE9700B29A5E /* CustomView.m */,
				9F57B52A1426F1A500B29A5E /* CustomPickerDataSource.h */,
				9F57B52B1426F1A500B29A5E /* CustomPickerDataSource.m */,
				9F57B5141426E87400B29A5E /* MainWindow.xib */,
				9F57B51F1426EE4800B29A5E /* 12-6AM.png */,
				9F57B5201426EE4800B29A5E /* 6-12PM.png */,
				9F57B5211426EE4800B29A5E /* 6-12AM.png */,
				9F57B5221426EE4800B29A5E /* 12-6PM.png */,
				9F57B53114270C9C00B29A5E /* botox1.png */,
				9F57B53314270FDF00B29A5E /* botox2.png */,
				9F57B5091426E87300B29A5E /* Supporting Files */,
			);
			path = PickerTest;
			sourceTree = "<group>";
		};
		9F57B5091426E87300B29A5E /* Supporting Files */ = {
			isa = PBXGroup;
			children = (
				9F57B50A1426E87300B29A5E /* PickerTest-Info.plist */,
				9F57B50B1426E87300B29A5E /* InfoPlist.strings */,
				9F57B50E1426E87300B29A5E /* main.m */,
				9F57B5101426E87300B29A5E /* PickerTest-Prefix.pch */,
			);
			name = "Supporting Files";
			sourceTree = "<group>";
		};
/* End PBXGroup section */

/* Begin PBXNativeTarget section */
		9F57B4FD1426E87300B29A5E /* PickerTest */ = {
			isa = PBXNativeTarget;
			buildConfigurationList = 9F57B5191426E87400B29A5E /* Build configuration list for PBXNativeTarget "PickerTest" */;
			buildPhases = (
				9F57B4FA1426E87300B29A5E /* Sources */,
				9F57B4FB1426E87300B29A5E /* Frameworks */,
				9F57B4FC1426E87300B29A5E /* Resources */,
			);
			buildRules = (
			);
			dependencies = (
			);
			name = PickerTest;
			productName = PickerTest;
			productReference = 9F57B4FE1426E87300B29A5E /* PickerTest.app */;
			productType = "com.apple.product-type.application";
		};
/* End PBXNativeTarget section */

/* Begin PBXProject section */
		9F57B4F51426E87300B29A5E /* Project object */ = {
			isa = PBXProject;
			buildConfigurationList = 9F57B4F81426E87300B29A5E /* Build configuration list for PBXProject "PickerTest" */;
			compatibilityVersion = "Xcode 3.2";
			developmentRegion = English;
			hasScannedForEncodings = 0;
			knownRegions = (
				en,
			);
			mainGroup = 9F57B4F31426E87300B29A5E;
			productRefGroup = 9F57B4FF1426E87300B29A5E /* Products */;
			projectDirPath = "";
			projectRoot = "";
			targets = (
				9F57B4FD1426E87300B29A5E /* PickerTest */,
			);
		};
/* End PBXProject section */

/* Begin PBXResourcesBuildPhase section */
		9F57B4FC1426E87300B29A5E /* Resources */ = {
			isa = PBXResourcesBuildPhase;
			buildActionMask = 2147483647;
			files = (
				9F57B50D1426E87300B29A5E /* InfoPlist.strings in Resources */,
				9F57B5161426E87400B29A5E /* MainWindow.xib in Resources */,
				9F57B5231426EE4800B29A5E /* 12-6AM.png in Resources */,
				9F57B5241426EE4800B29A5E /* 6-12PM.png in Resources */,
				9F57B5251426EE4800B29A5E /* 6-12AM.png in Resources */,
				9F57B5261426EE4800B29A5E /* 12-6PM.png in Resources */,
				9F57B53214270C9C00B29A5E /* botox1.png in Resources */,
				9F57B53414270FDF00B29A5E /* botox2.png in Resources */,
			);
			runOnlyForDeploymentPostprocessing = 0;
		};
/* End PBXResourcesBuildPhase section */

/* Begin PBXSourcesBuildPhase section */
		9F57B4FA1426E87300B29A5E /* Sources */ = {
			isa = PBXSourcesBuildPhase;
			buildActionMask = 2147483647;
			files = (
				9F57B50F1426E87300B29A5E /* main.m in Sources */,
				9F57B5131426E87300B29A5E /* PickerTestAppDelegate.m in Sources */,
				9F57B51E1426E89D00B29A5E /* MainVC.m in Sources */,
				9F57B5291426EE9700B29A5E /* CustomView.m in Sources */,
				9F57B52C1426F1A500B29A5E /* CustomPickerDataSource.m in Sources */,
			);
			runOnlyForDeploymentPostprocessing = 0;
		};
/* End PBXSourcesBuildPhase section */

/* Begin PBXVariantGroup section */
		9F57B50B1426E87300B29A5E /* InfoPlist.strings */ = {
			isa = PBXVariantGroup;
			children = (
				9F57B50C1426E87300B29A5E /* en */,
			);
			name = InfoPlist.strings;
			sourceTree = "<group>";
		};
		9F57B5141426E87400B29A5E /* MainWindow.xib */ = {
			isa = PBXVariantGroup;
			children = (
				9F57B5151426E87400B29A5E /* en */,
			);
			name = MainWindow.xib;
			sourceTree = "<group>";
		};
/* End PBXVariantGroup section */

/* Begin XCBuildConfiguration section */
		9F57B5171426E87400B29A5E /* Debug */ = {
			isa = XCBuildConfiguration;
			buildSettings = {
				ALWAYS_SEARCH_USER_PATHS = NO;
				ARCHS = "$(ARCHS_UNIVERSAL_IPHONE_OS)";
				"CODE_SIGN_IDENTITY[sdk=iphoneos*]" = "iPhone Developer";
				COPY_PHASE_STRIP = NO;
				GCC_C_LANGUAGE_STANDARD = gnu99;
				GCC_DYNAMIC_NO_PIC = NO;
				GCC_OPTIMIZATION_LEVEL = 0;
				GCC_PREPROCESSOR_DEFINITIONS = (
					"DEBUG=1",
					"$(inherited)",
				);
				GCC_SYMBOLS_PRIVATE_EXTERN = NO;
				GCC_VERSION = com.apple.compilers.llvmgcc42;
				GCC_WARN_ABOUT_MISSING_PROTOTYPES = YES;
				GCC_WARN_ABOUT_RETURN_TYPE = YES;
				GCC_WARN_UNUSED_VARIABLE = YES;
				IPHONEOS_DEPLOYMENT_TARGET = 4.3;
				SDKROOT = iphoneos;
				TARGETED_DEVICE_FAMILY = 2;
			};
			name = Debug;
		};
		9F57B5181426E87400B29A5E /* Release */ = {
			isa = XCBuildConfiguration;
			buildSettings = {
				ALWAYS_SEARCH_USER_PATHS = NO;
				ARCHS = "$(ARCHS_UNIVERSAL_IPHONE_OS)";
				"CODE_SIGN_IDENTITY[sdk=iphoneos*]" = "iPhone Developer";
				COPY_PHASE_STRIP = YES;
				GCC_C_LANGUAGE_STANDARD = gnu99;
				GCC_VERSION = com.apple.compilers.llvmgcc42;
				GCC_WARN_ABOUT_MISSING_PROTOTYPES = YES;
				GCC_WARN_ABOUT_RETURN_TYPE = YES;
				GCC_WARN_UNUSED_VARIABLE = YES;
				IPHONEOS_DEPLOYMENT_TARGET = 4.3;
				OTHER_CFLAGS = "-DNS_BLOCK_ASSERTIONS=1";
				SDKROOT = iphoneos;
				TARGETED_DEVICE_FAMILY = 2;
				VALIDATE_PRODUCT = YES;
			};
			name = Release;
		};
		9F57B51A1426E87400B29A5E /* Debug */ = {
			isa = XCBuildConfiguration;
			buildSettings = {
				GCC_PRECOMPILE_PREFIX_HEADER = YES;
				GCC_PREFIX_HEADER = "PickerTest/PickerTest-Prefix.pch";
				INFOPLIST_FILE = "PickerTest/PickerTest-Info.plist";
				PRODUCT_NAME = "$(TARGET_NAME)";
				WRAPPER_EXTENSION = app;
			};
			name = Debug;
		};
		9F57B51B1426E87400B29A5E /* Release */ = {
			isa = XCBuildConfiguration;
			buildSettings = {
				GCC_PRECOMPILE_PREFIX_HEADER = YES;
				GCC_PREFIX_HEADER = "PickerTest/PickerTest-Prefix.pch";
				INFOPLIST_FILE = "PickerTest/PickerTest-Info.plist";
				PRODUCT_NAME = "$(TARGET_NAME)";
				WRAPPER_EXTENSION = app;
			};
			name = Release;
		};
/* End XCBuildConfiguration section */

/* Begin XCConfigurationList section */
		9F57B4F81426E87300B29A5E /* Build configuration list for PBXProject "PickerTest" */ = {
			isa = XCConfigurationList;
			buildConfigurations = (
				9F57B5171426E87400B29A5E /* Debug */,
				9F57B5181426E87400B29A5E /* Release */,
			);
			defaultConfigurationIsVisible = 0;
			defaultConfigurationName = Release;
		};
		9F57B5191426E87400B29A5E /* Build configuration list for PBXNativeTarget "PickerTest" */ = {
			isa = XCConfigurationList;
			buildConfigurations = (
				9F57B51A1426E87400B29A5E /* Debug */,
				9F57B51B1426E87400B29A5E /* Release */,
			);
			defaultConfigurationIsVisible = 0;
		};
/* End XCConfigurationList section */
	};
	rootObject = 9F57B4F51426E87300B29A5E /* Project object */;
}
